Microsoft Visual Studio Solution File, Format Version 12.00
# Visual Studio 15
VisualStudioVersion = 15.0.27004.2008
MinimumVisualStudioVersion = 15.0.26124.0
Project("{FAE04EC0-301F-11D3-BF4B-00C04F79EFBC}") = "Flunt", "Flunt\Flunt.csproj", "{5EBF9000-6FC3-4FDF-9F64-7F35A8E6A93A}"
EndProject
Project("{FAE04EC0-301F-11D3-BF4B-00C04F79EFBC}") = "Flunt.Tests", "Flunt.Tests\Flunt.Tests.csproj", "{DE7F45F3-D829-493B-9902-933FCAA8D81E}"
EndProject
Global
	GlobalSection(SolutionConfigurationPlatforms) = preSolution
		Debug|Any CPU = Debug|Any CPU
		Release|Any CPU = Release|Any CPU
	EndGlobalSection
	GlobalSection(ProjectConfigurationPlatforms) = postSolution
		{5EBF9000-6FC3-4FDF-9F64-7F35A8E6A93A}.Debug|Any CPU.ActiveCfg = Debug|Any CPU
		{5EBF9000-6FC3-4FDF-9F64-7F35A8E6A93A}.Debug|Any CPU.Build.0 = Debug|Any CPU
		{5EBF9000-6FC3-4FDF-9F64-7F35A8E6A93A}.Release|Any CPU.ActiveCfg = Release|Any CPU
		{5EBF9000-6FC3-4FDF-9F64-7F35A8E6A93A}.Release|Any CPU.Build.0 = Release|Any CPU
		{DE7F45F3-D829-493B-9902-933FCAA8D81E}.Debug|Any CPU.ActiveCfg = Debug|Any CPU
		{DE7F45F3-D829-493B-9902-933FCAA8D81E}.Debug|Any CPU.Build.0 = Debug|Any CPU
		{DE7F45F3-D829-493B-9902-933FCAA8D81E}.Release|Any CPU.ActiveCfg = Release|Any CPU
		{DE7F45F3-D829-493B-9902-933FCAA8D81E}.Release|Any CPU.Build.0 = Release|Any CPU
	EndGlobalSection
	GlobalSection(SolutionProperties) = preSolution
		HideSolutionNode = FALSE
	EndGlobalSection
	GlobalSection(ExtensibilityGlobals) = postSolution
		SolutionGuid = {15FDB887-0B10-4A7A-8663-0AC0E66B6858}
	EndGlobalSection
EndGlobal
